
Microsoft Visual Studio Solution File, Format Version 12.00
# Visual Studio Version 17
VisualStudioVersion = 17.8.34511.84
MinimumVisualStudioVersion = 10.0.40219.1
Project("{8BC9CEB8-8B4A-11D0-8D11-00A0C91BC942}") = "SpellcastSolver", "SpellcastSolver\SpellcastSolver.vcxproj", "{EB64C9E8-B578-4AF1-AB98-7E338F56FD52}"
EndProject
Global
	GlobalSection(SolutionConfigurationPlatforms) = preSolution
		Debug|x64 = Debug|x64
		Debug|x86 = Debug|x86
		Release|x64 = Release|x64
		Release|x86 = Release|x86
	EndGlobalSection
	GlobalSection(ProjectConfigurationPlatforms) = postSolution
		{EB64C9E8-B578-4AF1-AB98-7E338F56FD52}.Debug|x64.ActiveCfg = Debug|x64
		{EB64C9E8-B578-4AF1-AB98-7E338F56FD52}.Debug|x64.Build.0 = Debug|x64
		{EB64C9E8-B578-4AF1-AB98-7E338F56FD52}.Debug|x86.ActiveCfg = Debug|Win32
		{EB64C9E8-B578-4AF1-AB98-7E338F56FD52}.Debug|x86.Build.0 = Debug|Win32
		{EB64C9E8-B578-4AF1-AB98-7E338F56FD52}.Release|x64.ActiveCfg = Release|x64
		{EB64C9E8-B578-4AF1-AB98-7E338F56FD52}.Release|x64.Build.0 = Release|x64
		{EB64C9E8-B578-4AF1-AB98-7E338F56FD52}.Release|x86.ActiveCfg = Release|Win32
		{EB64C9E8-B578-4AF1-AB98-7E338F56FD52}.Release|x86.Build.0 = Release|Win32
	EndGlobalSection
	GlobalSection(SolutionProperties) = preSolution
		HideSolutionNode = FALSE
	EndGlobalSection
	GlobalSection(ExtensibilityGlobals) = postSolution
		SolutionGuid = {47998F5C-61A1-464D-B2B9-AE96B6E3B22B}
	EndGlobalSection
EndGlobal
